
Microsoft Visual Studio Solution File, Format Version 12.00
# Visual Studio Version 16
VisualStudioVersion = 16.0.33328.57
MinimumVisualStudioVersion = 10.0.40219.1
Project("{FAE04EC0-301F-11D3-BF4B-00C04F79EFBC}") = "TP7_EnviadoMails_CRUZBARRIENTOSFRANCISCO", "TP7_EnviadoMails_CRUZBARRIENTOSFRANCISCO\TP7_EnviadoMails_CRUZBARRIENTOSFRANCISCO.csproj", "{F4D54878-1581-439F-A174-45CDAB66968E}"
EndProject
Global
	GlobalSection(SolutionConfigurationPlatforms) = preSolution
		Debug|Any CPU = Debug|Any CPU
		Release|Any CPU = Release|Any CPU
	EndGlobalSection
	GlobalSection(ProjectConfigurationPlatforms) = postSolution
		{F4D54878-1581-439F-A174-45CDAB66968E}.Debug|Any CPU.ActiveCfg = Debug|Any CPU
		{F4D54878-1581-439F-A174-45CDAB66968E}.Debug|Any CPU.Build.0 = Debug|Any CPU
		{F4D54878-1581-439F-A174-45CDAB66968E}.Release|Any CPU.ActiveCfg = Release|Any CPU
		{F4D54878-1581-439F-A174-45CDAB66968E}.Release|Any CPU.Build.0 = Release|Any CPU
	EndGlobalSection
	GlobalSection(SolutionProperties) = preSolution
		HideSolutionNode = FALSE
	EndGlobalSection
	GlobalSection(ExtensibilityGlobals) = postSolution
		SolutionGuid = {56BEDC4C-F1D7-4BA7-9E81-E4F3A443A183}
	EndGlobalSection
EndGlobal
